
Microsoft Visual Studio Solution File, Format Version 12.00
# Visual Studio Version 17
VisualStudioVersion = 17.5.33209.295
MinimumVisualStudioVersion = 10.0.40219.1
Project("{FAE04EC0-301F-11D3-BF4B-00C04F79EFBC}") = "RestApp.UWP", "RestApp.UWP\RestApp.UWP.csproj", "{ECD82D17-05BA-4214-90F2-E742B26D6E61}"
EndProject
Project("{FAE04EC0-301F-11D3-BF4B-00C04F79EFBC}") = "RestApp.Android", "RestApp.Android\RestApp.Android.csproj", "{E0331256-7B0B-4C2A-8C2F-CD9EA54F19C0}"
EndProject
Project("{FAE04EC0-301F-11D3-BF4B-00C04F79EFBC}") = "RestApp.iOS", "RestApp.iOS\RestApp.iOS.csproj", "{F77F5ED7-2CD5-4490-AFFC-087B1A112C92}"
EndProject
Project("{FAE04EC0-301F-11D3-BF4B-00C04F79EFBC}") = "RestApp", "RestApp\RestApp.csproj", "{2B378F9E-3E90-40EE-9411-300BF895EE10}"
EndProject
Global
	GlobalSection(SolutionConfigurationPlatforms) = preSolution
		Debug|Any CPU = Debug|Any CPU
		Debug|ARM = Debug|ARM
		Debug|iPhone = Debug|iPhone
		Debug|iPhoneSimulator = Debug|iPhoneSimulator
		Debug|x64 = Debug|x64
		Debug|x86 = Debug|x86
		Release|Any CPU = Release|Any CPU
		Release|ARM = Release|ARM
		Release|iPhone = Release|iPhone
		Release|iPhoneSimulator = Release|iPhoneSimulator
		Release|x64 = Release|x64
		Release|x86 = Release|x86
	EndGlobalSection
	GlobalSection(ProjectConfigurationPlatforms) = postSolution
		{ECD82D17-05BA-4214-90F2-E742B26D6E61}.Debug|Any CPU.ActiveCfg = Debug|x64
		{ECD82D17-05BA-4214-90F2-E742B26D6E61}.Debug|Any CPU.Build.0 = Debug|x64
		{ECD82D17-05BA-4214-90F2-E742B26D6E61}.Debug|Any CPU.Deploy.0 = Debug|x64
		{ECD82D17-05BA-4214-90F2-E742B26D6E61}.Debug|ARM.ActiveCfg = Debug|ARM
		{ECD82D17-05BA-4214-90F2-E742B26D6E61}.Debug|ARM.Build.0 = Debug|ARM
		{ECD82D17-05BA-4214-90F2-E742B26D6E61}.Debug|ARM.Deploy.0 = Debug|ARM
		{ECD82D17-05BA-4214-90F2-E742B26D6E61}.Debug|iPhone.ActiveCfg = Debug|x64
		{ECD82D17-05BA-4214-90F2-E742B26D6E61}.Debug|iPhone.Build.0 = Debug|x64
		{ECD82D17-05BA-4214-90F2-E742B26D6E61}.Debug|iPhone.Deploy.0 = Debug|x64
		{ECD82D17-05BA-4214-90F2-E742B26D6E61}.Debug|iPhoneSimulator.ActiveCfg = Debug|x64
		{ECD82D17-05BA-4214-90F2-E742B26D6E61}.Debug|iPhoneSimulator.Build.0 = Debug|x64
		{ECD82D17-05BA-4214-90F2-E742B26D6E61}.Debug|iPhoneSimulator.Deploy.0 = Debug|x64
		{ECD82D17-05BA-4214-90F2-E742B26D6E61}.Debug|x64.ActiveCfg = Debug|x64
		{ECD82D17-05BA-4214-90F2-E742B26D6E61}.Debug|x64.Build.0 = Debug|x64
		{ECD82D17-05BA-4214-90F2-E742B26D6E61}.Debug|x64.Deploy.0 = Debug|x64
		{ECD82D17-05BA-4214-90F2-E742B26D6E61}.Debug|x86.ActiveCfg = Debug|x86
		{ECD82D17-05BA-4214-90F2-E742B26D6E61}.Debug|x86.Build.0 = Debug|x86
		{ECD82D17-05BA-4214-90F2-E742B26D6E61}.Debug|x86.Deploy.0 = Debug|x86
		{ECD82D17-05BA-4214-90F2-E742B26D6E61}.Release|Any CPU.ActiveCfg = Release|x64
		{ECD82D17-05BA-4214-90F2-E742B26D6E61}.Release|Any CPU.Build.0 = Release|x64
		{ECD82D17-05BA-4214-90F2-E742B26D6E61}.Release|Any CPU.Deploy.0 = Release|x64
		{ECD82D17-05BA-4214-90F2-E742B26D6E61}.Release|ARM.ActiveCfg = Release|ARM
		{ECD82D17-05BA-4214-90F2-E742B26D6E61}.Release|ARM.Build.0 = Release|ARM
		{ECD82D17-05BA-4214-90F2-E742B26D6E61}.Release|ARM.Deploy.0 = Release|ARM
		{ECD82D17-05BA-4214-90F2-E742B26D6E61}.Release|iPhone.ActiveCfg = Release|x64
		{ECD82D17-05BA-4214-90F2-E742B26D6E61}.Release|iPhone.Build.0 = Release|x64
		{ECD82D17-05BA-4214-90F2-E742B26D6E61}.Release|iPhone.Deploy.0 = Release|x64
		{ECD82D17-05BA-4214-90F2-E742B26D6E61}.Release|iPhoneSimulator.ActiveCfg = Release|x64
		{ECD82D17-05BA-4214-90F2-E742B26D6E61}.Release|iPhoneSimulator.Build.0 = Release|x64
		{ECD82D17-05BA-4214-90F2-E742B26D6E61}.Release|iPhoneSimulator.Deploy.0 = Release|x64
		{ECD82D17-05BA-4214-90F2-E742B26D6E61}.Release|x64.ActiveCfg = Release|x64
		{ECD82D17-05BA-4214-90F2-E742B26D6E61}.Release|x64.Build.0 = Release|x64
		{ECD82D17-05BA-4214-90F2-E742B26D6E61}.Release|x64.Deploy.0 = Release|x64
		{ECD82D17-05BA-4214-90F2-E742B26D6E61}.Release|x86.ActiveCfg = Release|x86
		{ECD82D17-05BA-4214-90F2-E742B26D6E61}.Release|x86.Build.0 = Release|x86
		{ECD82D17-05BA-4214-90F2-E742B26D6E61}.Release|x86.Deploy.0 = Release|x86
		{E0331256-7B0B-4C2A-8C2F-CD9EA54F19C0}.Debug|Any CPU.ActiveCfg = Debug|Any CPU
		{E0331256-7B0B-4C2A-8C2F-CD9EA54F19C0}.Debug|Any CPU.Build.0 = Debug|Any CPU
		{E0331256-7B0B-4C2A-8C2F-CD9EA54F19C0}.Debug|Any CPU.Deploy.0 = Debug|Any CPU
		{E0331256-7B0B-4C2A-8C2F-CD9EA54F19C0}.Debug|ARM.ActiveCfg = Debug|Any CPU
		{E0331256-7B0B-4C2A-8C2F-CD9EA54F19C0}.Debug|ARM.Build.0 = Debug|Any CPU
		{E0331256-7B0B-4C2A-8C2F-CD9EA54F19C0}.Debug|ARM.Deploy.0 = Debug|Any CPU
		{E0331256-7B0B-4C2A-8C2F-CD9EA54F19C0}.Debug|iPhone.ActiveCfg = Debug|Any CPU
		{E0331256-7B0B-4C2A-8C2F-CD9EA54F19C0}.Debug|iPhone.Build.0 = Debug|Any CPU
		{E0331256-7B0B-4C2A-8C2F-CD9EA54F19C0}.Debug|iPhone.Deploy.0 = Debug|Any CPU
		{E0331256-7B0B-4C2A-8C2F-CD9EA54F19C0}.Debug|iPhoneSimulator.ActiveCfg = Debug|Any CPU
		{E0331256-7B0B-4C2A-8C2F-CD9EA54F19C0}.Debug|iPhoneSimulator.Build.0 = Debug|Any CPU
		{E0331256-7B0B-4C2A-8C2F-CD9EA54F19C0}.Debug|iPhoneSimulator.Deploy.0 = Debug|Any CPU
		{E0331256-7B0B-4C2A-8C2F-CD9EA54F19C0}.Debug|x64.ActiveCfg = Debug|Any CPU
		{E0331256-7B0B-4C2A-8C2F-CD9EA54F19C0}.Debug|x64.Build.0 = Debug|Any CPU
		{E0331256-7B0B-4C2A-8C2F-CD9EA54F19C0}.Debug|x64.Deploy.0 = Debug|Any CPU
		{E0331256-7B0B-4C2A-8C2F-CD9EA54F19C0}.Debug|x86.ActiveCfg = Debug|Any CPU
		{E0331256-7B0B-4C2A-8C2F-CD9EA54F19C0}.Debug|x86.Build.0 = Debug|Any CPU
		{E0331256-7B0B-4C2A-8C2F-CD9EA54F19C0}.Debug|x86.Deploy.0 = Debug|Any CPU
		{E0331256-7B0B-4C2A-8C2F-CD9EA54F19C0}.Release|Any CPU.ActiveCfg = Release|Any CPU
		{E0331256-7B0B-4C2A-8C2F-CD9EA54F19C0}.Release|Any CPU.Build.0 = Release|Any CPU
		{E0331256-7B0B-4C2A-8C2F-CD9EA54F19C0}.Release|Any CPU.Deploy.0 = Release|Any CPU
		{E0331256-7B0B-4C2A-8C2F-CD9EA54F19C0}.Release|ARM.ActiveCfg = Release|Any CPU
		{E0331256-7B0B-4C2A-8C2F-CD9EA54F19C0}.Release|ARM.Build.0 = Release|Any CPU
		{E0331256-7B0B-4C2A-8C2F-CD9EA54F19C0}.Release|ARM.Deploy.0 = Release|Any CPU
		{E0331256-7B0B-4C2A-8C2F-CD9EA54F19C0}.Release|iPhone.ActiveCfg = Release|Any CPU
		{E0331256-7B0B-4C2A-8C2F-CD9EA54F19C0}.Release|iPhone.Build.0 = Release|Any CPU
		{E0331256-7B0B-4C2A-8C2F-CD9EA54F19C0}.Release|iPhone.Deploy.0 = Release|Any CPU
		{E0331256-7B0B-4C2A-8C2F-CD9EA54F19C0}.Release|iPhoneSimulator.ActiveCfg = Release|Any CPU
		{E0331256-7B0B-4C2A-8C2F-CD9EA54F19C0}.Release|iPhoneSimulator.Build.0 = Release|Any CPU
		{E0331256-7B0B-4C2A-8C2F-CD9EA54F19C0}.Release|iPhoneSimulator.Deploy.0 = Release|Any CPU
		{E0331256-7B0B-4C2A-8C2F-CD9EA54F19C0}.Release|x64.ActiveCfg = Release|Any CPU
		{E0331256-7B0B-4C2A-8C2F-CD9EA54F19C0}.Release|x64.Build.0 = Release|Any CPU
		{E0331256-7B0B-4C2A-8C2F-CD9EA54F19C0}.Release|x64.Deploy.0 = Release|Any CPU
		{E0331256-7B0B-4C2A-8C2F-CD9EA54F19C0}.Release|x86.ActiveCfg = Release|Any CPU
		{E0331256-7B0B-4C2A-8C2F-CD9EA54F19C0}.Release|x86.Build.0 = Release|Any CPU
		{E0331256-7B0B-4C2A-8C2F-CD9EA54F19C0}.Release|x86.Deploy.0 = Release|Any CPU
		{F77F5ED7-2CD5-4490-AFFC-087B1A112C92}.Debug|Any CPU.ActiveCfg = Debug|iPhoneSimulator
		{F77F5ED7-2CD5-4490-AFFC-087B1A112C92}.Debug|Any CPU.Build.0 = Debug|iPhoneSimulator
		{F77F5ED7-2CD5-4490-AFFC-087B1A112C92}.Debug|Any CPU.Deploy.0 = Debug|iPhoneSimulator
		{F77F5ED7-2CD5-4490-AFFC-087B1A112C92}.Debug|ARM.ActiveCfg = Debug|iPhoneSimulator
		{F77F5ED7-2CD5-4490-AFFC-087B1A112C92}.Debug|ARM.Build.0 = Debug|iPhoneSimulator
		{F77F5ED7-2CD5-4490-AFFC-087B1A112C92}.Debug|ARM.Deploy.0 = Debug|iPhoneSimulator
		{F77F5ED7-2CD5-4490-AFFC-087B1A112C92}.Debug|iPhone.ActiveCfg = Debug|iPhone
		{F77F5ED7-2CD5-4490-AFFC-087B1A112C92}.Debug|iPhone.Build.0 = Debug|iPhone
		{F77F5ED7-2CD5-4490-AFFC-087B1A112C92}.Debug|iPhone.Deploy.0 = Debug|iPhone
		{F77F5ED7-2CD5-4490-AFFC-087B1A112C92}.Debug|iPhoneSimulator.ActiveCfg = Debug|iPhoneSimulator
		{F77F5ED7-2CD5-4490-AFFC-087B1A112C92}.Debug|iPhoneSimulator.Build.0 = Debug|iPhoneSimulator
		{F77F5ED7-2CD5-4490-AFFC-087B1A112C92}.Debug|iPhoneSimulator.Deploy.0 = Debug|iPhoneSimulator
		{F77F5ED7-2CD5-4490-AFFC-087B1A112C92}.Debug|x64.ActiveCfg = Debug|iPhone
		{F77F5ED7-2CD5-4490-AFFC-087B1A112C92}.Debug|x64.Build.0 = Debug|iPhone
		{F77F5ED7-2CD5-4490-AFFC-087B1A112C92}.Debug|x64.Deploy.0 = Debug|iPhone
		{F77F5ED7-2CD5-4490-AFFC-087B1A112C92}.Debug|x86.ActiveCfg = Debug|iPhoneSimulator
		{F77F5ED7-2CD5-4490-AFFC-087B1A112C92}.Debug|x86.Build.0 = Debug|iPhoneSimulator
		{F77F5ED7-2CD5-4490-AFFC-087B1A112C92}.Debug|x86.Deploy.0 = Debug|iPhoneSimulator
		{F77F5ED7-2CD5-4490-AFFC-087B1A112C92}.Release|Any CPU.ActiveCfg = Release|iPhoneSimulator
		{F77F5ED7-2CD5-4490-AFFC-087B1A112C92}.Release|Any CPU.Build.0 = Release|iPhoneSimulator
		{F77F5ED7-2CD5-4490-AFFC-087B1A112C92}.Release|Any CPU.Deploy.0 = Release|iPhoneSimulator
		{F77F5ED7-2CD5-4490-AFFC-087B1A112C92}.Release|ARM.ActiveCfg = Release|iPhoneSimulator
		{F77F5ED7-2CD5-4490-AFFC-087B1A112C92}.Release|ARM.Build.0 = Release|iPhoneSimulator
		{F77F5ED7-2CD5-4490-AFFC-087B1A112C92}.Release|ARM.Deploy.0 = Release|iPhoneSimulator
		{F77F5ED7-2CD5-4490-AFFC-087B1A112C92}.Release|iPhone.ActiveCfg = Release|iPhone
		{F77F5ED7-2CD5-4490-AFFC-087B1A112C92}.Release|iPhone.Build.0 = Release|iPhone
		{F77F5ED7-2CD5-4490-AFFC-087B1A112C92}.Release|iPhone.Deploy.0 = Release|iPhone
		{F77F5ED7-2CD5-4490-AFFC-087B1A112C92}.Release|iPhoneSimulator.ActiveCfg = Release|iPhoneSimulator
		{F77F5ED7-2CD5-4490-AFFC-087B1A112C92}.Release|iPhoneSimulator.Build.0 = Release|iPhoneSimulator
		{F77F5ED7-2CD5-4490-AFFC-087B1A112C92}.Release|iPhoneSimulator.Deploy.0 = Release|iPhoneSimulator
		{F77F5ED7-2CD5-4490-AFFC-087B1A112C92}.Release|x64.ActiveCfg = Release|iPhoneSimulator
		{F77F5ED7-2CD5-4490-AFFC-087B1A112C92}.Release|x64.Build.0 = Release|iPhoneSimulator
		{F77F5ED7-2CD5-4490-AFFC-087B1A112C92}.Release|x64.Deploy.0 = Release|iPhoneSimulator
		{F77F5ED7-2CD5-4490-AFFC-087B1A112C92}.Release|x86.ActiveCfg = Release|iPhoneSimulator
		{F77F5ED7-2CD5-4490-AFFC-087B1A112C92}.Release|x86.Build.0 = Release|iPhoneSimulator
		{F77F5ED7-2CD5-4490-AFFC-087B1A112C92}.Release|x86.Deploy.0 = Release|iPhoneSimulator
		{2B378F9E-3E90-40EE-9411-300BF895EE10}.Debug|Any CPU.ActiveCfg = Debug|Any CPU
		{2B378F9E-3E90-40EE-9411-300BF895EE10}.Debug|Any CPU.Build.0 = Debug|Any CPU
		{2B378F9E-3E90-40EE-9411-300BF895EE10}.Debug|Any CPU.Deploy.0 = Debug|Any CPU
		{2B378F9E-3E90-40EE-9411-300BF895EE10}.Debug|ARM.ActiveCfg = Debug|Any CPU
		{2B378F9E-3E90-40EE-9411-300BF895EE10}.Debug|ARM.Build.0 = Debug|Any CPU
		{2B378F9E-3E90-40EE-9411-300BF895EE10}.Debug|ARM.Deploy.0 = Debug|Any CPU
		{2B378F9E-3E90-40EE-9411-300BF895EE10}.Debug|iPhone.ActiveCfg = Debug|Any CPU
		{2B378F9E-3E90-40EE-9411-300BF895EE10}.Debug|iPhone.Build.0 = Debug|Any CPU
		{2B378F9E-3E90-40EE-9411-300BF895EE10}.Debug|iPhone.Deploy.0 = Debug|Any CPU
		{2B378F9E-3E90-40EE-9411-300BF895EE10}.Debug|iPhoneSimulator.ActiveCfg = Debug|Any CPU
		{2B378F9E-3E90-40EE-9411-300BF895EE10}.Debug|iPhoneSimulator.Build.0 = Debug|Any CPU
		{2B378F9E-3E90-40EE-9411-300BF895EE10}.Debug|iPhoneSimulator.Deploy.0 = Debug|Any CPU
		{2B378F9E-3E90-40EE-9411-300BF895EE10}.Debug|x64.ActiveCfg = Debug|Any CPU
		{2B378F9E-3E90-40EE-9411-300BF895EE10}.Debug|x64.Build.0 = Debug|Any CPU
		{2B378F9E-3E90-40EE-9411-300BF895EE10}.Debug|x64.Deploy.0 = Debug|Any CPU
		{2B378F9E-3E90-40EE-9411-300BF895EE10}.Debug|x86.ActiveCfg = Debug|Any CPU
		{2B378F9E-3E90-40EE-9411-300BF895EE10}.Debug|x86.Build.0 = Debug|Any CPU
		{2B378F9E-3E90-40EE-9411-300BF895EE10}.Debug|x86.Deploy.0 = Debug|Any CPU
		{2B378F9E-3E90-40EE-9411-300BF895EE10}.Release|Any CPU.ActiveCfg = Release|Any CPU
		{2B378F9E-3E90-40EE-9411-300BF895EE10}.Release|Any CPU.Build.0 = Release|Any CPU
		{2B378F9E-3E90-40EE-9411-300BF895EE10}.Release|Any CPU.Deploy.0 = Release|Any CPU
		{2B378F9E-3E90-40EE-9411-300BF895EE10}.Release|ARM.ActiveCfg = Release|Any CPU
		{2B378F9E-3E90-40EE-9411-300BF895EE10}.Release|ARM.Build.0 = Release|Any CPU
		{2B378F9E-3E90-40EE-9411-300BF895EE10}.Release|ARM.Deploy.0 = Release|Any CPU
		{2B378F9E-3E90-40EE-9411-300BF895EE10}.Release|iPhone.ActiveCfg = Release|Any CPU
		{2B378F9E-3E90-40EE-9411-300BF895EE10}.Release|iPhone.Build.0 = Release|Any CPU
		{2B378F9E-3E90-40EE-9411-300BF895EE10}.Release|iPhone.Deploy.0 = Release|Any CPU
		{2B378F9E-3E90-40EE-9411-300BF895EE10}.Release|iPhoneSimulator.ActiveCfg = Release|Any CPU
		{2B378F9E-3E90-40EE-9411-300BF895EE10}.Release|iPhoneSimulator.Build.0 = Release|Any CPU
		{2B378F9E-3E90-40EE-9411-300BF895EE10}.Release|iPhoneSimulator.Deploy.0 = Release|Any CPU
		{2B378F9E-3E90-40EE-9411-300BF895EE10}.Release|x64.ActiveCfg = Release|Any CPU
		{2B378F9E-3E90-40EE-9411-300BF895EE10}.Release|x64.Build.0 = Release|Any CPU
		{2B378F9E-3E90-40EE-9411-300BF895EE10}.Release|x64.Deploy.0 = Release|Any CPU
		{2B378F9E-3E90-40EE-9411-300BF895EE10}.Release|x86.ActiveCfg = Release|Any CPU
		{2B378F9E-3E90-40EE-9411-300BF895EE10}.Release|x86.Build.0 = Release|Any CPU
		{2B378F9E-3E90-40EE-9411-300BF895EE10}.Release|x86.Deploy.0 = Release|Any CPU
	EndGlobalSection
	GlobalSection(SolutionProperties) = preSolution
		HideSolutionNode = FALSE
	EndGlobalSection
	GlobalSection(ExtensibilityGlobals) = postSolution
		SolutionGuid = {8C0738AB-CEC1-42BB-9BCF-4194D77D75A8}
	EndGlobalSection
EndGlobal
